
Microsoft Visual Studio Solution File, Format Version 12.00
# Visual Studio Version 16
VisualStudioVersion = 16.0.29519.181
MinimumVisualStudioVersion = 10.0.40219.1
Project("{FAE04EC0-301F-11D3-BF4B-00C04F79EFBC}") = "Engine", "Engine.csproj", "{4315FC89-BC9F-484F-8825-667D10453BCE}"
EndProject
Global
	GlobalSection(SolutionConfigurationPlatforms) = preSolution
		Debug|Any CPU = Debug|Any CPU
		Release|Any CPU = Release|Any CPU
	EndGlobalSection
	GlobalSection(ProjectConfigurationPlatforms) = postSolution
		{4315FC89-BC9F-484F-8825-667D10453BCE}.Debug|Any CPU.ActiveCfg = Debug|Any CPU
		{4315FC89-BC9F-484F-8825-667D10453BCE}.Debug|Any CPU.Build.0 = Debug|Any CPU
		{4315FC89-BC9F-484F-8825-667D10453BCE}.Release|Any CPU.ActiveCfg = Release|Any CPU
		{4315FC89-BC9F-484F-8825-667D10453BCE}.Release|Any CPU.Build.0 = Release|Any CPU
	EndGlobalSection
	GlobalSection(SolutionProperties) = preSolution
		HideSolutionNode = FALSE
	EndGlobalSection
	GlobalSection(ExtensibilityGlobals) = postSolution
		SolutionGuid = {149975E7-3D2D-4C89-AF5D-9FD067A38E0B}
	EndGlobalSection
EndGlobal
